// !$*UTF8*$!
{
	archiveVersion = 1;
	classes = {
	};
	objectVersion = 50;
	objects = {

/* Begin PBXBuildFile section */
		2032B494247942C100A37E9F /* Buttons.swift in Sources */ = {isa = PBXBuildFile; fileRef = 2032B493247942C100A37E9F /* Buttons.swift */; };
		20475F3B247C11040019F37F /* Localizable.strings in Resources */ = {isa = PBXBuildFile; fileRef = 20475F3D247C11040019F37F /* Localizable.strings */; };
		20475F3F247D7AC30019F37F /* AvatarSelectionView.swift in Sources */ = {isa = PBXBuildFile; fileRef = 20475F3E247D7AC30019F37F /* AvatarSelectionView.swift */; };
		20475F41247D7D120019F37F /* UserInfoService.swift in Sources */ = {isa = PBXBuildFile; fileRef = 20475F40247D7D120019F37F /* UserInfoService.swift */; };
		205BAC78247943D600A95F49 /* ProgressView.swift in Sources */ = {isa = PBXBuildFile; fileRef = 205BAC77247943D600A95F49 /* ProgressView.swift */; };
		2097F2A72477F83E00C51321 /* AppDelegate.swift in Sources */ = {isa = PBXBuildFile; fileRef = 2097F2A62477F83E00C51321 /* AppDelegate.swift */; };
		2097F2A92477F83E00C51321 /* SceneDelegate.swift in Sources */ = {isa = PBXBuildFile; fileRef = 2097F2A82477F83E00C51321 /* SceneDelegate.swift */; };
		2097F2AB2477F83E00C51321 /* LevelView.swift in Sources */ = {isa = PBXBuildFile; fileRef = 2097F2AA2477F83E00C51321 /* LevelView.swift */; };
		2097F2AD2477F83F00C51321 /* Assets.xcassets in Resources */ = {isa = PBXBuildFile; fileRef = 2097F2AC2477F83F00C51321 /* Assets.xcassets */; };
		2097F2B02477F83F00C51321 /* Preview Assets.xcassets in Resources */ = {isa = PBXBuildFile; fileRef = 2097F2AF2477F83F00C51321 /* Preview Assets.xcassets */; };
		2097F2B32477F83F00C51321 /* LaunchScreen.storyboard in Resources */ = {isa = PBXBuildFile; fileRef = 2097F2B12477F83F00C51321 /* LaunchScreen.storyboard */; };
		2097F2BE2477F84000C51321 /* HappieTests.swift in Sources */ = {isa = PBXBuildFile; fileRef = 2097F2BD2477F84000C51321 /* HappieTests.swift */; };
		2097F2C92477F84000C51321 /* HappieUITests.swift in Sources */ = {isa = PBXBuildFile; fileRef = 2097F2C82477F84000C51321 /* HappieUITests.swift */; };
		2097F2DB2477FD1300C51321 /* Constants.swift in Sources */ = {isa = PBXBuildFile; fileRef = 2097F2DA2477FD1300C51321 /* Constants.swift */; };
		2097F2DD2477FD1D00C51321 /* Extensions.swift in Sources */ = {isa = PBXBuildFile; fileRef = 2097F2DC2477FD1D00C51321 /* Extensions.swift */; };
		2097F2DF2477FD2F00C51321 /* Networking.swift in Sources */ = {isa = PBXBuildFile; fileRef = 2097F2DE2477FD2F00C51321 /* Networking.swift */; };
		2097F2E12477FD3F00C51321 /* User.swift in Sources */ = {isa = PBXBuildFile; fileRef = 2097F2E02477FD3F00C51321 /* User.swift */; };
		2097F2E32477FDAF00C51321 /* Progress.swift in Sources */ = {isa = PBXBuildFile; fileRef = 2097F2E22477FDAF00C51321 /* Progress.swift */; };
		2097F2E52477FDD500C51321 /* Skill.swift in Sources */ = {isa = PBXBuildFile; fileRef = 2097F2E42477FDD500C51321 /* Skill.swift */; };
		2097F2E72477FE0C00C51321 /* Game.swift in Sources */ = {isa = PBXBuildFile; fileRef = 2097F2E62477FE0C00C51321 /* Game.swift */; };
		2097F2EC2478007300C51321 /* HomeView.swift in Sources */ = {isa = PBXBuildFile; fileRef = 2097F2EB2478007300C51321 /* HomeView.swift */; };
		2097F2EE2478069200C51321 /* UserDefaultsService.swift in Sources */ = {isa = PBXBuildFile; fileRef = 2097F2ED2478069200C51321 /* UserDefaultsService.swift */; };
		2097F2F024780AE800C51321 /* Avatar.swift in Sources */ = {isa = PBXBuildFile; fileRef = 2097F2EF24780AE800C51321 /* Avatar.swift */; };
		2097F2F8247823B900C51321 /* AvatarView.swift in Sources */ = {isa = PBXBuildFile; fileRef = 2097F2F7247823B900C51321 /* AvatarView.swift */; };
/* End PBXBuildFile section */

/* Begin PBXContainerItemProxy section */
		2097F2BA2477F84000C51321 /* PBXContainerItemProxy */ = {
			isa = PBXContainerItemProxy;
			containerPortal = 2097F29B2477F83E00C51321 /* Project object */;
			proxyType = 1;
			remoteGlobalIDString = 2097F2A22477F83E00C51321;
			remoteInfo = Happie;
		};
		2097F2C52477F84000C51321 /* PBXContainerItemProxy */ = {
			isa = PBXContainerItemProxy;
			containerPortal = 2097F29B2477F83E00C51321 /* Project object */;
			proxyType = 1;
			remoteGlobalIDString = 2097F2A22477F83E00C51321;
			remoteInfo = Happie;
		};
/* End PBXContainerItemProxy section */

/* Begin PBXFileReference section */
		2032B493247942C100A37E9F /* Buttons.swift */ = {isa = PBXFileReference; lastKnownFileType = sourcecode.swift; path = Buttons.swift; sourceTree = "<group>"; };
		20475F3C247C11040019F37F /* en */ = {isa = PBXFileReference; lastKnownFileType = text.plist.strings; name = en; path = en.lproj/Localizable.strings; sourceTree = "<group>"; };
		20475F3E247D7AC30019F37F /* AvatarSelectionView.swift */ = {isa = PBXFileReference; lastKnownFileType = sourcecode.swift; path = AvatarSelectionView.swift; sourceTree = "<group>"; };
		20475F40247D7D120019F37F /* UserInfoService.swift */ = {isa = PBXFileReference; lastKnownFileType = sourcecode.swift; path = UserInfoService.swift; sourceTree = "<group>"; };
		205BAC77247943D600A95F49 /* ProgressView.swift */ = {isa = PBXFileReference; lastKnownFileType = sourcecode.swift; path = ProgressView.swift; sourceTree = "<group>"; };
		2097F2A32477F83E00C51321 /* Happie.app */ = {isa = PBXFileReference; explicitFileType = wrapper.application; includeInIndex = 0; path = Happie.app; sourceTree = BUILT_PRODUCTS_DIR; };
		2097F2A62477F83E00C51321 /* AppDelegate.swift */ = {isa = PBXFileReference; lastKnownFileType = sourcecode.swift; path = AppDelegate.swift; sourceTree = "<group>"; };
		2097F2A82477F83E00C51321 /* SceneDelegate.swift */ = {isa = PBXFileReference; lastKnownFileType = sourcecode.swift; path = SceneDelegate.swift; sourceTree = "<group>"; };
		2097F2AA2477F83E00C51321 /* LevelView.swift */ = {isa = PBXFileReference; lastKnownFileType = sourcecode.swift; path = LevelView.swift; sourceTree = "<group>"; };
		2097F2AC2477F83F00C51321 /* Assets.xcassets */ = {isa = PBXFileReference; lastKnownFileType = folder.assetcatalog; path = Assets.xcassets; sourceTree = "<group>"; };
		2097F2AF2477F83F00C51321 /* Preview Assets.xcassets */ = {isa = PBXFileReference; lastKnownFileType = folder.assetcatalog; path = "Preview Assets.xcassets"; sourceTree = "<group>"; };
		2097F2B22477F83F00C51321 /* Base */ = {isa = PBXFileReference; lastKnownFileType = file.storyboard; name = Base; path = Base.lproj/LaunchScreen.storyboard; sourceTree = "<group>"; };
		2097F2B42477F83F00C51321 /* Info.plist */ = {isa = PBXFileReference; lastKnownFileType = text.plist.xml; path = Info.plist; sourceTree = "<group>"; };
		2097F2B92477F84000C51321 /* HappieTests.xctest */ = {isa = PBXFileReference; explicitFileType = wrapper.cfbundle; includeInIndex = 0; path = HappieTests.xctest; sourceTree = BUILT_PRODUCTS_DIR; };
		2097F2BD2477F84000C51321 /* HappieTests.swift */ = {isa = PBXFileReference; lastKnownFileType = sourcecode.swift; path = HappieTests.swift; sourceTree = "<group>"; };
		2097F2BF2477F84000C51321 /* Info.plist */ = {isa = PBXFileReference; lastKnownFileType = text.plist.xml; path = Info.plist; sourceTree = "<group>"; };
		2097F2C42477F84000C51321 /* HappieUITests.xctest */ = {isa = PBXFileReference; explicitFileType = wrapper.cfbundle; includeInIndex = 0; path = HappieUITests.xctest; sourceTree = BUILT_PRODUCTS_DIR; };
		2097F2C82477F84000C51321 /* HappieUITests.swift */ = {isa = PBXFileReference; lastKnownFileType = sourcecode.swift; path = HappieUITests.swift; sourceTree = "<group>"; };
		2097F2CA2477F84000C51321 /* Info.plist */ = {isa = PBXFileReference; lastKnownFileType = text.plist.xml; path = Info.plist; sourceTree = "<group>"; };
		2097F2DA2477FD1300C51321 /* Constants.swift */ = {isa = PBXFileReference; lastKnownFileType = sourcecode.swift; path = Constants.swift; sourceTree = "<group>"; };
		2097F2DC2477FD1D00C51321 /* Extensions.swift */ = {isa = PBXFileReference; lastKnownFileType = sourcecode.swift; path = Extensions.swift; sourceTree = "<group>"; };
		2097F2DE2477FD2F00C51321 /* Networking.swift */ = {isa = PBXFileReference; lastKnownFileType = sourcecode.swift; path = Networking.swift; sourceTree = "<group>"; };
		2097F2E02477FD3F00C51321 /* User.swift */ = {isa = PBXFileReference; lastKnownFileType = sourcecode.swift; path = User.swift; sourceTree = "<group>"; };
		2097F2E22477FDAF00C51321 /* Progress.swift */ = {isa = PBXFileReference; lastKnownFileType = sourcecode.swift; path = Progress.swift; sourceTree = "<group>"; };
		2097F2E42477FDD500C51321 /* Skill.swift */ = {isa = PBXFileReference; lastKnownFileType = sourcecode.swift; path = Skill.swift; sourceTree = "<group>"; };
		2097F2E62477FE0C00C51321 /* Game.swift */ = {isa = PBXFileReference; lastKnownFileType = sourcecode.swift; path = Game.swift; sourceTree = "<group>"; };
		2097F2EB2478007300C51321 /* HomeView.swift */ = {isa = PBXFileReference; lastKnownFileType = sourcecode.swift; path = HomeView.swift; sourceTree = "<group>"; };
		2097F2ED2478069200C51321 /* UserDefaultsService.swift */ = {isa = PBXFileReference; lastKnownFileType = sourcecode.swift; path = UserDefaultsService.swift; sourceTree = "<group>"; };
		2097F2EF24780AE800C51321 /* Avatar.swift */ = {isa = PBXFileReference; lastKnownFileType = sourcecode.swift; path = Avatar.swift; sourceTree = "<group>"; };
		2097F2F7247823B900C51321 /* AvatarView.swift */ = {isa = PBXFileReference; lastKnownFileType = sourcecode.swift; path = AvatarView.swift; sourceTree = "<group>"; };
/* End PBXFileReference section */

/* Begin PBXFrameworksBuildPhase section */
		2097F2A02477F83E00C51321 /* Frameworks */ = {
			isa = PBXFrameworksBuildPhase;
			buildActionMask = 2147483647;
			files = (
			);
			runOnlyForDeploymentPostprocessing = 0;
		};
		2097F2B62477F84000C51321 /* Frameworks */ = {
			isa = PBXFrameworksBuildPhase;
			buildActionMask = 2147483647;
			files = (
			);
			runOnlyForDeploymentPostprocessing = 0;
		};
		2097F2C12477F84000C51321 /* Frameworks */ = {
			isa = PBXFrameworksBuildPhase;
			buildActionMask = 2147483647;
			files = (
			);
			runOnlyForDeploymentPostprocessing = 0;
		};
/* End PBXFrameworksBuildPhase section */

/* Begin PBXGroup section */
		2032B495247942E600A37E9F /* Views */ = {
			isa = PBXGroup;
			children = (
				2032B493247942C100A37E9F /* Buttons.swift */,
			);
			path = Views;
			sourceTree = "<group>";
		};
		2097F29A2477F83E00C51321 = {
			isa = PBXGroup;
			children = (
				2097F2A52477F83E00C51321 /* Happie */,
				2097F2BC2477F84000C51321 /* HappieTests */,
				2097F2C72477F84000C51321 /* HappieUITests */,
				2097F2A42477F83E00C51321 /* Products */,
			);
			sourceTree = "<group>";
		};
		2097F2A42477F83E00C51321 /* Products */ = {
			isa = PBXGroup;
			children = (
				2097F2A32477F83E00C51321 /* Happie.app */,
				2097F2B92477F84000C51321 /* HappieTests.xctest */,
				2097F2C42477F84000C51321 /* HappieUITests.xctest */,
			);
			name = Products;
			sourceTree = "<group>";
		};
		2097F2A52477F83E00C51321 /* Happie */ = {
			isa = PBXGroup;
			children = (
				2097F2F124781F2100C51321 /* Strings */,
				2097F2D92477FD0500C51321 /* Utils */,
				2097F2D72477FCF300C51321 /* Models */,
				2097F2D82477FCFF00C51321 /* Scenes */,
				2097F2D62477F86600C51321 /* Supporting Files */,
			);
			path = Happie;
			sourceTree = "<group>";
		};
		2097F2AE2477F83F00C51321 /* Preview Content */ = {
			isa = PBXGroup;
			children = (
				2097F2AF2477F83F00C51321 /* Preview Assets.xcassets */,
			);
			path = "Preview Content";
			sourceTree = "<group>";
		};
		2097F2BC2477F84000C51321 /* HappieTests */ = {
			isa = PBXGroup;
			children = (
				2097F2BD2477F84000C51321 /* HappieTests.swift */,
				2097F2BF2477F84000C51321 /* Info.plist */,
			);
			path = HappieTests;
			sourceTree = "<group>";
		};
		2097F2C72477F84000C51321 /* HappieUITests */ = {
			isa = PBXGroup;
			children = (
				2097F2C82477F84000C51321 /* HappieUITests.swift */,
				2097F2CA2477F84000C51321 /* Info.plist */,
			);
			path = HappieUITests;
			sourceTree = "<group>";
		};
		2097F2D62477F86600C51321 /* Supporting Files */ = {
			isa = PBXGroup;
			children = (
				2097F2A62477F83E00C51321 /* AppDelegate.swift */,
				2097F2A82477F83E00C51321 /* SceneDelegate.swift */,
				2097F2AC2477F83F00C51321 /* Assets.xcassets */,
				2097F2B12477F83F00C51321 /* LaunchScreen.storyboard */,
				2097F2B42477F83F00C51321 /* Info.plist */,
				2097F2AE2477F83F00C51321 /* Preview Content */,
			);
			path = "Supporting Files";
			sourceTree = "<group>";
		};
		2097F2D72477FCF300C51321 /* Models */ = {
			isa = PBXGroup;
			children = (
				2097F2E02477FD3F00C51321 /* User.swift */,
				2097F2E22477FDAF00C51321 /* Progress.swift */,
				2097F2E42477FDD500C51321 /* Skill.swift */,
				2097F2E62477FE0C00C51321 /* Game.swift */,
				2097F2EF24780AE800C51321 /* Avatar.swift */,
			);
			path = Models;
			sourceTree = "<group>";
		};
		2097F2D82477FCFF00C51321 /* Scenes */ = {
			isa = PBXGroup;
			children = (
				2097F2FA2478242F00C51321 /* BaseScenes */,
				2097F2EA2478005200C51321 /* Home */,
				2097F2E82478004300C51321 /* LevelSelection */,
			);
			path = Scenes;
			sourceTree = "<group>";
		};
		2097F2D92477FD0500C51321 /* Utils */ = {
			isa = PBXGroup;
			children = (
				2097F2DA2477FD1300C51321 /* Constants.swift */,
				2097F2ED2478069200C51321 /* UserDefaultsService.swift */,
				2097F2DC2477FD1D00C51321 /* Extensions.swift */,
				2097F2DE2477FD2F00C51321 /* Networking.swift */,
			);
			path = Utils;
			sourceTree = "<group>";
		};
		2097F2E82478004300C51321 /* LevelSelection */ = {
			isa = PBXGroup;
			children = (
				2097F2AA2477F83E00C51321 /* LevelView.swift */,
			);
			path = LevelSelection;
			sourceTree = "<group>";
		};
		2097F2EA2478005200C51321 /* Home */ = {
			isa = PBXGroup;
			children = (
				2097F2F6247823AA00C51321 /* Views */,
				20475F40247D7D120019F37F /* UserInfoService.swift */,
			);
			path = Home;
			sourceTree = "<group>";
		};
		2097F2F124781F2100C51321 /* Strings */ = {
			isa = PBXGroup;
			children = (
				20475F3D247C11040019F37F /* Localizable.strings */,
			);
			path = Strings;
			sourceTree = "<group>";
		};
		2097F2F6247823AA00C51321 /* Views */ = {
			isa = PBXGroup;
			children = (
				2097F2EB2478007300C51321 /* HomeView.swift */,
				2097F2F7247823B900C51321 /* AvatarView.swift */,
				205BAC77247943D600A95F49 /* ProgressView.swift */,
				20475F3E247D7AC30019F37F /* AvatarSelectionView.swift */,
			);
			path = Views;
			sourceTree = "<group>";
		};
		2097F2FA2478242F00C51321 /* BaseScenes */ = {
			isa = PBXGroup;
			children = (
				2032B495247942E600A37E9F /* Views */,
			);
			path = BaseScenes;
			sourceTree = "<group>";
		};
/* End PBXGroup section */

/* Begin PBXNativeTarget section */
		2097F2A22477F83E00C51321 /* Happie */ = {
			isa = PBXNativeTarget;
			buildConfigurationList = 2097F2CD2477F84000C51321 /* Build configuration list for PBXNativeTarget "Happie" */;
			buildPhases = (
				2097F29F2477F83E00C51321 /* Sources */,
				2097F2A02477F83E00C51321 /* Frameworks */,
				2097F2A12477F83E00C51321 /* Resources */,
			);
			buildRules = (
			);
			dependencies = (
			);
			name = Happie;
			productName = Happie;
			productReference = 2097F2A32477F83E00C51321 /* Happie.app */;
			productType = "com.apple.product-type.application";
		};
		2097F2B82477F84000C51321 /* HappieTests */ = {
			isa = PBXNativeTarget;
			buildConfigurationList = 2097F2D02477F84000C51321 /* Build configuration list for PBXNativeTarget "HappieTests" */;
			buildPhases = (
				2097F2B52477F84000C51321 /* Sources */,
				2097F2B62477F84000C51321 /* Frameworks */,
				2097F2B72477F84000C51321 /* Resources */,
			);
			buildRules = (
			);
			dependencies = (
				2097F2BB2477F84000C51321 /* PBXTargetDependency */,
			);
			name = HappieTests;
			productName = HappieTests;
			productReference = 2097F2B92477F84000C51321 /* HappieTests.xctest */;
			productType = "com.apple.product-type.bundle.unit-test";
		};
		2097F2C32477F84000C51321 /* HappieUITests */ = {
			isa = PBXNativeTarget;
			buildConfigurationList = 2097F2D32477F84000C51321 /* Build configuration list for PBXNativeTarget "HappieUITests" */;
			buildPhases = (
				2097F2C02477F84000C51321 /* Sources */,
				2097F2C12477F84000C51321 /* Frameworks */,
				2097F2C22477F84000C51321 /* Resources */,
			);
			buildRules = (
			);
			dependencies = (
				2097F2C62477F84000C51321 /* PBXTargetDependency */,
			);
			name = HappieUITests;
			productName = HappieUITests;
			productReference = 2097F2C42477F84000C51321 /* HappieUITests.xctest */;
			productType = "com.apple.product-type.bundle.ui-testing";
		};
/* End PBXNativeTarget section */

/* Begin PBXProject section */
		2097F29B2477F83E00C51321 /* Project object */ = {
			isa = PBXProject;
			attributes = {
				LastSwiftUpdateCheck = 1150;
				LastUpgradeCheck = 1150;
				ORGANIZATIONNAME = "Femke Offringa";
				TargetAttributes = {
					2097F2A22477F83E00C51321 = {
						CreatedOnToolsVersion = 11.5;
					};
					2097F2B82477F84000C51321 = {
						CreatedOnToolsVersion = 11.5;
						TestTargetID = 2097F2A22477F83E00C51321;
					};
					2097F2C32477F84000C51321 = {
						CreatedOnToolsVersion = 11.5;
						TestTargetID = 2097F2A22477F83E00C51321;
					};
				};
			};
			buildConfigurationList = 2097F29E2477F83E00C51321 /* Build configuration list for PBXProject "Happie" */;
			compatibilityVersion = "Xcode 9.3";
			developmentRegion = en;
			hasScannedForEncodings = 0;
			knownRegions = (
				en,
				Base,
			);
			mainGroup = 2097F29A2477F83E00C51321;
			productRefGroup = 2097F2A42477F83E00C51321 /* Products */;
			projectDirPath = "";
			projectRoot = "";
			targets = (
				2097F2A22477F83E00C51321 /* Happie */,
				2097F2B82477F84000C51321 /* HappieTests */,
				2097F2C32477F84000C51321 /* HappieUITests */,
			);
		};
/* End PBXProject section */

/* Begin PBXResourcesBuildPhase section */
		2097F2A12477F83E00C51321 /* Resources */ = {
			isa = PBXResourcesBuildPhase;
			buildActionMask = 2147483647;
			files = (
				2097F2B32477F83F00C51321 /* LaunchScreen.storyboard in Resources */,
				20475F3B247C11040019F37F /* Localizable.strings in Resources */,
				2097F2B02477F83F00C51321 /* Preview Assets.xcassets in Resources */,
				2097F2AD2477F83F00C51321 /* Assets.xcassets in Resources */,
			);
			runOnlyForDeploymentPostprocessing = 0;
		};
		2097F2B72477F84000C51321 /* Resources */ = {
			isa = PBXResourcesBuildPhase;
			buildActionMask = 2147483647;
			files = (
			);
			runOnlyForDeploymentPostprocessing = 0;
		};
		2097F2C22477F84000C51321 /* Resources */ = {
			isa = PBXResourcesBuildPhase;
			buildActionMask = 2147483647;
			files = (
			);
			runOnlyForDeploymentPostprocessing = 0;
		};
/* End PBXResourcesBuildPhase section */

/* Begin PBXSourcesBuildPhase section */
		2097F29F2477F83E00C51321 /* Sources */ = {
			isa = PBXSourcesBuildPhase;
			buildActionMask = 2147483647;
			files = (
				20475F41247D7D120019F37F /* UserInfoService.swift in Sources */,
				2032B494247942C100A37E9F /* Buttons.swift in Sources */,
				2097F2EE2478069200C51321 /* UserDefaultsService.swift in Sources */,
				20475F3F247D7AC30019F37F /* AvatarSelectionView.swift in Sources */,
				2097F2DD2477FD1D00C51321 /* Extensions.swift in Sources */,
				2097F2E72477FE0C00C51321 /* Game.swift in Sources */,
				2097F2A72477F83E00C51321 /* AppDelegate.swift in Sources */,
				2097F2A92477F83E00C51321 /* SceneDelegate.swift in Sources */,
				2097F2E52477FDD500C51321 /* Skill.swift in Sources */,
				2097F2EC2478007300C51321 /* HomeView.swift in Sources */,
				2097F2DF2477FD2F00C51321 /* Networking.swift in Sources */,
				2097F2F024780AE800C51321 /* Avatar.swift in Sources */,
				2097F2F8247823B900C51321 /* AvatarView.swift in Sources */,
				2097F2AB2477F83E00C51321 /* LevelView.swift in Sources */,
				2097F2DB2477FD1300C51321 /* Constants.swift in Sources */,
				205BAC78247943D600A95F49 /* ProgressView.swift in Sources */,
				2097F2E32477FDAF00C51321 /* Progress.swift in Sources */,
				2097F2E12477FD3F00C51321 /* User.swift in Sources */,
			);
			runOnlyForDeploymentPostprocessing = 0;
		};
		2097F2B52477F84000C51321 /* Sources */ = {
			isa = PBXSourcesBuildPhase;
			buildActionMask = 2147483647;
			files = (
				2097F2BE2477F84000C51321 /* HappieTests.swift in Sources */,
			);
			runOnlyForDeploymentPostprocessing = 0;
		};
		2097F2C02477F84000C51321 /* Sources */ = {
			isa = PBXSourcesBuildPhase;
			buildActionMask = 2147483647;
			files = (
				2097F2C92477F84000C51321 /* HappieUITests.swift in Sources */,
			);
			runOnlyForDeploymentPostprocessing = 0;
		};
/* End PBXSourcesBuildPhase section */

/* Begin PBXTargetDependency section */
		2097F2BB2477F84000C51321 /* PBXTargetDependency */ = {
			isa = PBXTargetDependency;
			target = 2097F2A22477F83E00C51321 /* Happie */;
			targetProxy = 2097F2BA2477F84000C51321 /* PBXContainerItemProxy */;
		};
		2097F2C62477F84000C51321 /* PBXTargetDependency */ = {
			isa = PBXTargetDependency;
			target = 2097F2A22477F83E00C51321 /* Happie */;
			targetProxy = 2097F2C52477F84000C51321 /* PBXContainerItemProxy */;
		};
/* End PBXTargetDependency section */

/* Begin PBXVariantGroup section */
		20475F3D247C11040019F37F /* Localizable.strings */ = {
			isa = PBXVariantGroup;
			children = (
				20475F3C247C11040019F37F /* en */,
			);
			name = Localizable.strings;
			sourceTree = "<group>";
		};
		2097F2B12477F83F00C51321 /* LaunchScreen.storyboard */ = {
			isa = PBXVariantGroup;
			children = (
				2097F2B22477F83F00C51321 /* Base */,
			);
			name = LaunchScreen.storyboard;
			sourceTree = "<group>";
		};
/* End PBXVariantGroup section */

/* Begin XCBuildConfiguration section */
		2097F2CB2477F84000C51321 /* Debug */ = {
			isa = XCBuildConfiguration;
			buildSettings = {
				ALWAYS_SEARCH_USER_PATHS = NO;
				CLANG_ANALYZER_NONNULL = YES;
				CLANG_ANALYZER_NUMBER_OBJECT_CONVERSION = YES_AGGRESSIVE;
				CLANG_CXX_LANGUAGE_STANDARD = "gnu++14";
				CLANG_CXX_LIBRARY = "libc++";
				CLANG_ENABLE_MODULES = YES;
				CLANG_ENABLE_OBJC_ARC = YES;
				CLANG_ENABLE_OBJC_WEAK = YES;
				CLANG_WARN_BLOCK_CAPTURE_AUTORELEASING = YES;
				CLANG_WARN_BOOL_CONVERSION = YES;
				CLANG_WARN_COMMA = YES;
				CLANG_WARN_CONSTANT_CONVERSION = YES;
				CLANG_WARN_DEPRECATED_OBJC_IMPLEMENTATIONS = YES;
				CLANG_WARN_DIRECT_OBJC_ISA_USAGE = YES_ERROR;
				CLANG_WARN_DOCUMENTATION_COMMENTS = YES;
				CLANG_WARN_EMPTY_BODY = YES;
				CLANG_WARN_ENUM_CONVERSION = YES;
				CLANG_WARN_INFINITE_RECURSION = YES;
				CLANG_WARN_INT_CONVERSION = YES;
				CLANG_WARN_NON_LITERAL_NULL_CONVERSION = YES;
				CLANG_WARN_OBJC_IMPLICIT_RETAIN_SELF = YES;
				CLANG_WARN_OBJC_LITERAL_CONVERSION = YES;
				CLANG_WARN_OBJC_ROOT_CLASS = YES_ERROR;
				CLANG_WARN_RANGE_LOOP_ANALYSIS = YES;
				CLANG_WARN_STRICT_PROTOTYPES = YES;
				CLANG_WARN_SUSPICIOUS_MOVE = YES;
				CLANG_WARN_UNGUARDED_AVAILABILITY = YES_AGGRESSIVE;
				CLANG_WARN_UNREACHABLE_CODE = YES;
				CLANG_WARN__DUPLICATE_METHOD_MATCH = YES;
				COPY_PHASE_STRIP = NO;
				DEBUG_INFORMATION_FORMAT = dwarf;
				ENABLE_STRICT_OBJC_MSGSEND = YES;
				ENABLE_TESTABILITY = YES;
				GCC_C_LANGUAGE_STANDARD = gnu11;
				GCC_DYNAMIC_NO_PIC = NO;
				GCC_NO_COMMON_BLOCKS = YES;
				GCC_OPTIMIZATION_LEVEL = 0;
				GCC_PREPROCESSOR_DEFINITIONS = (
					"DEBUG=1",
					"$(inherited)",
				);
				GCC_WARN_64_TO_32_BIT_CONVERSION = YES;
				GCC_WARN_ABOUT_RETURN_TYPE = YES_ERROR;
				GCC_WARN_UNDECLARED_SELECTOR = YES;
				GCC_WARN_UNINITIALIZED_AUTOS = YES_AGGRESSIVE;
				GCC_WARN_UNUSED_FUNCTION = YES;
				GCC_WARN_UNUSED_VARIABLE = YES;
				IPHONEOS_DEPLOYMENT_TARGET = 13.5;
				MTL_ENABLE_DEBUG_INFO = INCLUDE_SOURCE;
				MTL_FAST_MATH = YES;
				ONLY_ACTIVE_ARCH = YES;
				SDKROOT = iphoneos;
				SWIFT_ACTIVE_COMPILATION_CONDITIONS = DEBUG;
				SWIFT_OPTIMIZATION_LEVEL = "-Onone";
			};
			name = Debug;
		};
		2097F2CC2477F84000C51321 /* Release */ = {
			isa = XCBuildConfiguration;
			buildSettings = {
				ALWAYS_SEARCH_USER_PATHS = NO;
				CLANG_ANALYZER_NONNULL = YES;
				CLANG_ANALYZER_NUMBER_OBJECT_CONVERSION = YES_AGGRESSIVE;
				CLANG_CXX_LANGUAGE_STANDARD = "gnu++14";
				CLANG_CXX_LIBRARY = "libc++";
				CLANG_ENABLE_MODULES = YES;
				CLANG_ENABLE_OBJC_ARC = YES;
				CLANG_ENABLE_OBJC_WEAK = YES;
				CLANG_WARN_BLOCK_CAPTURE_AUTORELEASING = YES;
				CLANG_WARN_BOOL_CONVERSION = YES;
				CLANG_WARN_COMMA = YES;
				CLANG_WARN_CONSTANT_CONVERSION = YES;
				CLANG_WARN_DEPRECATED_OBJC_IMPLEMENTATIONS = YES;
				CLANG_WARN_DIRECT_OBJC_ISA_USAGE = YES_ERROR;
				CLANG_WARN_DOCUMENTATION_COMMENTS = YES;
				CLANG_WARN_EMPTY_BODY = YES;
				CLANG_WARN_ENUM_CONVERSION = YES;
				CLANG_WARN_INFINITE_RECURSION = YES;
				CLANG_WARN_INT_CONVERSION = YES;
				CLANG_WARN_NON_LITERAL_NULL_CONVERSION = YES;
				CLANG_WARN_OBJC_IMPLICIT_RETAIN_SELF = YES;
				CLANG_WARN_OBJC_LITERAL_CONVERSION = YES;
				CLANG_WARN_OBJC_ROOT_CLASS = YES_ERROR;
				CLANG_WARN_RANGE_LOOP_ANALYSIS = YES;
				CLANG_WARN_STRICT_PROTOTYPES = YES;
				CLANG_WARN_SUSPICIOUS_MOVE = YES;
				CLANG_WARN_UNGUARDED_AVAILABILITY = YES_AGGRESSIVE;
				CLANG_WARN_UNREACHABLE_CODE = YES;
				CLANG_WARN__DUPLICATE_METHOD_MATCH = YES;
				COPY_PHASE_STRIP = NO;
				DEBUG_INFORMATION_FORMAT = "dwarf-with-dsym";
				ENABLE_NS_ASSERTIONS = NO;
				ENABLE_STRICT_OBJC_MSGSEND = YES;
				GCC_C_LANGUAGE_STANDARD = gnu11;
				GCC_NO_COMMON_BLOCKS = YES;
				GCC_WARN_64_TO_32_BIT_CONVERSION = YES;
				GCC_WARN_ABOUT_RETURN_TYPE = YES_ERROR;
				GCC_WARN_UNDECLARED_SELECTOR = YES;
				GCC_WARN_UNINITIALIZED_AUTOS = YES_AGGRESSIVE;
				GCC_WARN_UNUSED_FUNCTION = YES;
				GCC_WARN_UNUSED_VARIABLE = YES;
				IPHONEOS_DEPLOYMENT_TARGET = 13.5;
				MTL_ENABLE_DEBUG_INFO = NO;
				MTL_FAST_MATH = YES;
				SDKROOT = iphoneos;
				SWIFT_COMPILATION_MODE = wholemodule;
				SWIFT_OPTIMIZATION_LEVEL = "-O";
				VALIDATE_PRODUCT = YES;
			};
			name = Release;
		};
		2097F2CE2477F84000C51321 /* Debug */ = {
			isa = XCBuildConfiguration;
			buildSettings = {
				ASSETCATALOG_COMPILER_APPICON_NAME = AppIcon;
				CODE_SIGN_STYLE = Automatic;
				DEVELOPMENT_ASSET_PATHS = "\"Happie/Supporting Files/Preview Content\"";
				DEVELOPMENT_TEAM = UST6SU92LY;
				ENABLE_PREVIEWS = YES;
				INFOPLIST_FILE = "Happie/Supporting Files/Info.plist";
				LD_RUNPATH_SEARCH_PATHS = (
					"$(inherited)",
					"@executable_path/Frameworks",
				);
				PRODUCT_BUNDLE_IDENTIFIER = com.femkeo.Happie;
				PRODUCT_NAME = "$(TARGET_NAME)";
				SWIFT_VERSION = 5.0;
				TARGETED_DEVICE_FAMILY = "1,2";
			};
			name = Debug;
		};
		2097F2CF2477F84000C51321 /* Release */ = {
			isa = XCBuildConfiguration;
			buildSettings = {
				ASSETCATALOG_COMPILER_APPICON_NAME = AppIcon;
				CODE_SIGN_STYLE = Automatic;
				DEVELOPMENT_ASSET_PATHS = "\"Happie/Supporting Files/Preview Content\"";
				DEVELOPMENT_TEAM = UST6SU92LY;
				ENABLE_PREVIEWS = YES;
				INFOPLIST_FILE = "Happie/Supporting Files/Info.plist";
				LD_RUNPATH_SEARCH_PATHS = (
					"$(inherited)",
					"@executable_path/Frameworks",
				);
				PRODUCT_BUNDLE_IDENTIFIER = com.femkeo.Happie;
				PRODUCT_NAME = "$(TARGET_NAME)";
				SWIFT_VERSION = 5.0;
				TARGETED_DEVICE_FAMILY = "1,2";
			};
			name = Release;
		};
		2097F2D12477F84000C51321 /* Debug */ = {
			isa = XCBuildConfiguration;
			buildSettings = {
				ALWAYS_EMBED_SWIFT_STANDARD_LIBRARIES = YES;
				BUNDLE_LOADER = "$(TEST_HOST)";
				CODE_SIGN_STYLE = Automatic;
				DEVELOPMENT_TEAM = UST6SU92LY;
				INFOPLIST_FILE = HappieTests/Info.plist;
				IPHONEOS_DEPLOYMENT_TARGET = 13.5;
				LD_RUNPATH_SEARCH_PATHS = (
					"$(inherited)",
					"@executable_path/Frameworks",
					"@loader_path/Frameworks",
				);
				PRODUCT_BUNDLE_IDENTIFIER = com.femkeo.HappieTests;
				PRODUCT_NAME = "$(TARGET_NAME)";
				SWIFT_VERSION = 5.0;
				TARGETED_DEVICE_FAMILY = "1,2";
				TEST_HOST = "$(BUILT_PRODUCTS_DIR)/Happie.app/Happie";
			};
			name = Debug;
		};
		2097F2D22477F84000C51321 /* Release */ = {
			isa = XCBuildConfiguration;
			buildSettings = {
				ALWAYS_EMBED_SWIFT_STANDARD_LIBRARIES = YES;
				BUNDLE_LOADER = "$(TEST_HOST)";
				CODE_SIGN_STYLE = Automatic;
				DEVELOPMENT_TEAM = UST6SU92LY;
				INFOPLIST_FILE = HappieTests/Info.plist;
				IPHONEOS_DEPLOYMENT_TARGET = 13.5;
				LD_RUNPATH_SEARCH_PATHS = (
					"$(inherited)",
					"@executable_path/Frameworks",
					"@loader_path/Frameworks",
				);
				PRODUCT_BUNDLE_IDENTIFIER = com.femkeo.HappieTests;
				PRODUCT_NAME = "$(TARGET_NAME)";
				SWIFT_VERSION = 5.0;
				TARGETED_DEVICE_FAMILY = "1,2";
				TEST_HOST = "$(BUILT_PRODUCTS_DIR)/Happie.app/Happie";
			};
			name = Release;
		};
		2097F2D42477F84000C51321 /* Debug */ = {
			isa = XCBuildConfiguration;
			buildSettings = {
				ALWAYS_EMBED_SWIFT_STANDARD_LIBRARIES = YES;
				CODE_SIGN_STYLE = Automatic;
				DEVELOPMENT_TEAM = UST6SU92LY;
				INFOPLIST_FILE = HappieUITests/Info.plist;
				LD_RUNPATH_SEARCH_PATHS = (
					"$(inherited)",
					"@executable_path/Frameworks",
					"@loader_path/Frameworks",
				);
				PRODUCT_BUNDLE_IDENTIFIER = com.femkeo.HappieUITests;
				PRODUCT_NAME = "$(TARGET_NAME)";
				SWIFT_VERSION = 5.0;
				TARGETED_DEVICE_FAMILY = "1,2";
				TEST_TARGET_NAME = Happie;
			};
			name = Debug;
		};
		2097F2D52477F84000C51321 /* Release */ = {
			isa = XCBuildConfiguration;
			buildSettings = {
				ALWAYS_EMBED_SWIFT_STANDARD_LIBRARIES = YES;
				CODE_SIGN_STYLE = Automatic;
				DEVELOPMENT_TEAM = UST6SU92LY;
				INFOPLIST_FILE = HappieUITests/Info.plist;
				LD_RUNPATH_SEARCH_PATHS = (
					"$(inherited)",
					"@executable_path/Frameworks",
					"@loader_path/Frameworks",
				);
				PRODUCT_BUNDLE_IDENTIFIER = com.femkeo.HappieUITests;
				PRODUCT_NAME = "$(TARGET_NAME)";
				SWIFT_VERSION = 5.0;
				TARGETED_DEVICE_FAMILY = "1,2";
				TEST_TARGET_NAME = Happie;
			};
			name = Release;
		};
/* End XCBuildConfiguration section */

/* Begin XCConfigurationList section */
		2097F29E2477F83E00C51321 /* Build configuration list for PBXProject "Happie" */ = {
			isa = XCConfigurationList;
			buildConfigurations = (
				2097F2CB2477F84000C51321 /* Debug */,
				2097F2CC2477F84000C51321 /* Release */,
			);
			defaultConfigurationIsVisible = 0;
			defaultConfigurationName = Release;
		};
		2097F2CD2477F84000C51321 /* Build configuration list for PBXNativeTarget "Happie" */ = {
			isa = XCConfigurationList;
			buildConfigurations = (
				2097F2CE2477F84000C51321 /* Debug */,
				2097F2CF2477F84000C51321 /* Release */,
			);
			defaultConfigurationIsVisible = 0;
			defaultConfigurationName = Release;
		};
		2097F2D02477F84000C51321 /* Build configuration list for PBXNativeTarget "HappieTests" */ = {
			isa = XCConfigurationList;
			buildConfigurations = (
				2097F2D12477F84000C51321 /* Debug */,
				2097F2D22477F84000C51321 /* Release */,
			);
			defaultConfigurationIsVisible = 0;
			defaultConfigurationName = Release;
		};
		2097F2D32477F84000C51321 /* Build configuration list for PBXNativeTarget "HappieUITests" */ = {
			isa = XCConfigurationList;
			buildConfigurations = (
				2097F2D42477F84000C51321 /* Debug */,
				2097F2D52477F84000C51321 /* Release */,
			);
			defaultConfigurationIsVisible = 0;
			defaultConfigurationName = Release;
		};
/* End XCConfigurationList section */
	};
	rootObject = 2097F29B2477F83E00C51321 /* Project object */;
}
