// !$*UTF8*$!
{
	archiveVersion = 1;
	classes = {
	};
	objectVersion = 46;
	objects = {

/* Begin PBXBuildFile section */
		20227F5A2240E7AE004414C1 /* ViewController.swift in Sources */ = {isa = PBXBuildFile; fileRef = ECE643EA1EDC4BB700E7E58D /* ViewController.swift */; };
		20227F5B2240E7AE004414C1 /* FirstLaunchViewController.swift in Sources */ = {isa = PBXBuildFile; fileRef = ECE643FA1EDC51BB00E7E58D /* FirstLaunchViewController.swift */; };
		20227F5C2240E7AE004414C1 /* EditingViewController.swift in Sources */ = {isa = PBXBuildFile; fileRef = ECE644021EDC872F00E7E58D /* EditingViewController.swift */; };
		20227F5D2240E7AE004414C1 /* CategoriesViewController.swift in Sources */ = {isa = PBXBuildFile; fileRef = ECE644001EDC86ED00E7E58D /* CategoriesViewController.swift */; };
		20227F5E2240E7AE004414C1 /* GameSelectingViewController.swift in Sources */ = {isa = PBXBuildFile; fileRef = ECE644041EDC884700E7E58D /* GameSelectingViewController.swift */; };
		20227F5F2240E7AE004414C1 /* ViewController.swift in Sources */ = {isa = PBXBuildFile; fileRef = ECE643EA1EDC4BB700E7E58D /* ViewController.swift */; };
		20227F602240E7AE004414C1 /* FirstLaunchViewController.swift in Sources */ = {isa = PBXBuildFile; fileRef = ECE643FA1EDC51BB00E7E58D /* FirstLaunchViewController.swift */; };
		20227F612240E7AE004414C1 /* EditingViewController.swift in Sources */ = {isa = PBXBuildFile; fileRef = ECE644021EDC872F00E7E58D /* EditingViewController.swift */; };
		20227F622240E7AE004414C1 /* CategoriesViewController.swift in Sources */ = {isa = PBXBuildFile; fileRef = ECE644001EDC86ED00E7E58D /* CategoriesViewController.swift */; };
		20227F632240E7AE004414C1 /* GameSelectingViewController.swift in Sources */ = {isa = PBXBuildFile; fileRef = ECE644041EDC884700E7E58D /* GameSelectingViewController.swift */; };
		20227F642240E7B1004414C1 /* oneButtonViewController.swift in Sources */ = {isa = PBXBuildFile; fileRef = ECA7ECAF1EE6AD58007C05C4 /* oneButtonViewController.swift */; };
		20227F652240E7B1004414C1 /* drawingViewController.swift in Sources */ = {isa = PBXBuildFile; fileRef = ECA7ECBF1EE6BBEB007C05C4 /* drawingViewController.swift */; };
		20227F662240E7B1004414C1 /* TableViewController.swift in Sources */ = {isa = PBXBuildFile; fileRef = ECA7ECB31EE6ADE1007C05C4 /* TableViewController.swift */; };
		20227F672240E7B1004414C1 /* QuizViewController.swift in Sources */ = {isa = PBXBuildFile; fileRef = ECA7ECC71EE6CD6B007C05C4 /* QuizViewController.swift */; };
		20227F682240E7B1004414C1 /* MulipleAnswersViewController.swift in Sources */ = {isa = PBXBuildFile; fileRef = ECA7ECB71EE6AE2F007C05C4 /* MulipleAnswersViewController.swift */; };
		20227F692240E7B1004414C1 /* WhatDoIDreamViewController.swift in Sources */ = {isa = PBXBuildFile; fileRef = ECA7ECC11EE6C9DB007C05C4 /* WhatDoIDreamViewController.swift */; };
		20227F6A2240E7B1004414C1 /* oneButtonViewController.swift in Sources */ = {isa = PBXBuildFile; fileRef = ECA7ECAF1EE6AD58007C05C4 /* oneButtonViewController.swift */; };
		20227F6B2240E7B1004414C1 /* drawingViewController.swift in Sources */ = {isa = PBXBuildFile; fileRef = ECA7ECBF1EE6BBEB007C05C4 /* drawingViewController.swift */; };
		20227F6C2240E7B1004414C1 /* TableViewController.swift in Sources */ = {isa = PBXBuildFile; fileRef = ECA7ECB31EE6ADE1007C05C4 /* TableViewController.swift */; };
		20227F6D2240E7B1004414C1 /* QuizViewController.swift in Sources */ = {isa = PBXBuildFile; fileRef = ECA7ECC71EE6CD6B007C05C4 /* QuizViewController.swift */; };
		20227F6E2240E7B1004414C1 /* MulipleAnswersViewController.swift in Sources */ = {isa = PBXBuildFile; fileRef = ECA7ECB71EE6AE2F007C05C4 /* MulipleAnswersViewController.swift */; };
		20227F6F2240E7B1004414C1 /* WhatDoIDreamViewController.swift in Sources */ = {isa = PBXBuildFile; fileRef = ECA7ECC11EE6C9DB007C05C4 /* WhatDoIDreamViewController.swift */; };
		20227F702240ED24004414C1 /* GameData.swift in Sources */ = {isa = PBXBuildFile; fileRef = EC7E67191EE5815C00643E43 /* GameData.swift */; };
		20227F712240ED24004414C1 /* UserData.swift in Sources */ = {isa = PBXBuildFile; fileRef = ECF4CBB81EE9790E000A0F61 /* UserData.swift */; };
		20227F722240ED24004414C1 /* Question.swift in Sources */ = {isa = PBXBuildFile; fileRef = ECC77CCE1EEE99C100DB5450 /* Question.swift */; };
		20227F732240ED24004414C1 /* PropertyReader.swift in Sources */ = {isa = PBXBuildFile; fileRef = ECA7ECBB1EE6BB48007C05C4 /* PropertyReader.swift */; };
		20227F742240ED24004414C1 /* NoMonitor.swift in Sources */ = {isa = PBXBuildFile; fileRef = EC1FEB5A1EE6D16C000E6485 /* NoMonitor.swift */; };
		20227F752240ED24004414C1 /* GameData.swift in Sources */ = {isa = PBXBuildFile; fileRef = EC7E67191EE5815C00643E43 /* GameData.swift */; };
		20227F762240ED24004414C1 /* UserData.swift in Sources */ = {isa = PBXBuildFile; fileRef = ECF4CBB81EE9790E000A0F61 /* UserData.swift */; };
		20227F772240ED24004414C1 /* Question.swift in Sources */ = {isa = PBXBuildFile; fileRef = ECC77CCE1EEE99C100DB5450 /* Question.swift */; };
		20227F782240ED24004414C1 /* PropertyReader.swift in Sources */ = {isa = PBXBuildFile; fileRef = ECA7ECBB1EE6BB48007C05C4 /* PropertyReader.swift */; };
		20227F792240ED24004414C1 /* NoMonitor.swift in Sources */ = {isa = PBXBuildFile; fileRef = EC1FEB5A1EE6D16C000E6485 /* NoMonitor.swift */; };
		20E124DB223BA599004E6B60 /* HappieTests.swift in Sources */ = {isa = PBXBuildFile; fileRef = 20E124DA223BA599004E6B60 /* HappieTests.swift */; };
		20E124E9223BA5B0004E6B60 /* HappieUITests.swift in Sources */ = {isa = PBXBuildFile; fileRef = 20E124E8223BA5B0004E6B60 /* HappieUITests.swift */; };
		EC1FEB5B1EE6D16C000E6485 /* NoMonitor.swift in Sources */ = {isa = PBXBuildFile; fileRef = EC1FEB5A1EE6D16C000E6485 /* NoMonitor.swift */; };
		EC7E671A1EE5815D00643E43 /* GameData.swift in Sources */ = {isa = PBXBuildFile; fileRef = EC7E67191EE5815C00643E43 /* GameData.swift */; };
		ECA7ECB01EE6AD58007C05C4 /* oneButtonViewController.swift in Sources */ = {isa = PBXBuildFile; fileRef = ECA7ECAF1EE6AD58007C05C4 /* oneButtonViewController.swift */; };
		ECA7ECB41EE6ADE1007C05C4 /* TableViewController.swift in Sources */ = {isa = PBXBuildFile; fileRef = ECA7ECB31EE6ADE1007C05C4 /* TableViewController.swift */; };
		ECA7ECB81EE6AE2F007C05C4 /* MulipleAnswersViewController.swift in Sources */ = {isa = PBXBuildFile; fileRef = ECA7ECB71EE6AE2F007C05C4 /* MulipleAnswersViewController.swift */; };
		ECA7ECBA1EE6BB34007C05C4 /* QuizLists.plist in Resources */ = {isa = PBXBuildFile; fileRef = ECA7ECB91EE6BB34007C05C4 /* QuizLists.plist */; };
		ECA7ECBC1EE6BB48007C05C4 /* PropertyReader.swift in Sources */ = {isa = PBXBuildFile; fileRef = ECA7ECBB1EE6BB48007C05C4 /* PropertyReader.swift */; };
		ECA7ECC01EE6BBEB007C05C4 /* drawingViewController.swift in Sources */ = {isa = PBXBuildFile; fileRef = ECA7ECBF1EE6BBEB007C05C4 /* drawingViewController.swift */; };
		ECA7ECC21EE6C9DB007C05C4 /* WhatDoIDreamViewController.swift in Sources */ = {isa = PBXBuildFile; fileRef = ECA7ECC11EE6C9DB007C05C4 /* WhatDoIDreamViewController.swift */; };
		ECA7ECC81EE6CD6B007C05C4 /* QuizViewController.swift in Sources */ = {isa = PBXBuildFile; fileRef = ECA7ECC71EE6CD6B007C05C4 /* QuizViewController.swift */; };
		ECC77CCF1EEE99C100DB5450 /* Question.swift in Sources */ = {isa = PBXBuildFile; fileRef = ECC77CCE1EEE99C100DB5450 /* Question.swift */; };
		ECE539641EF1C27F004C383B /* music.mp3 in Resources */ = {isa = PBXBuildFile; fileRef = ECE539631EF1C27F004C383B /* music.mp3 */; };
		ECE643E91EDC4BB700E7E58D /* AppDelegate.swift in Sources */ = {isa = PBXBuildFile; fileRef = ECE643E81EDC4BB700E7E58D /* AppDelegate.swift */; };
		ECE643EB1EDC4BB700E7E58D /* ViewController.swift in Sources */ = {isa = PBXBuildFile; fileRef = ECE643EA1EDC4BB700E7E58D /* ViewController.swift */; };
		ECE643EE1EDC4BB700E7E58D /* Main.storyboard in Resources */ = {isa = PBXBuildFile; fileRef = ECE643EC1EDC4BB700E7E58D /* Main.storyboard */; };
		ECE643F01EDC4BB700E7E58D /* Assets.xcassets in Resources */ = {isa = PBXBuildFile; fileRef = ECE643EF1EDC4BB700E7E58D /* Assets.xcassets */; };
		ECE643F31EDC4BB700E7E58D /* LaunchScreen.storyboard in Resources */ = {isa = PBXBuildFile; fileRef = ECE643F11EDC4BB700E7E58D /* LaunchScreen.storyboard */; };
		ECE643FB1EDC51BB00E7E58D /* FirstLaunchViewController.swift in Sources */ = {isa = PBXBuildFile; fileRef = ECE643FA1EDC51BB00E7E58D /* FirstLaunchViewController.swift */; };
		ECE644011EDC86ED00E7E58D /* CategoriesViewController.swift in Sources */ = {isa = PBXBuildFile; fileRef = ECE644001EDC86ED00E7E58D /* CategoriesViewController.swift */; };
		ECE644031EDC872F00E7E58D /* EditingViewController.swift in Sources */ = {isa = PBXBuildFile; fileRef = ECE644021EDC872F00E7E58D /* EditingViewController.swift */; };
		ECE644051EDC884700E7E58D /* GameSelectingViewController.swift in Sources */ = {isa = PBXBuildFile; fileRef = ECE644041EDC884700E7E58D /* GameSelectingViewController.swift */; };
		ECF4CBB91EE9790E000A0F61 /* UserData.swift in Sources */ = {isa = PBXBuildFile; fileRef = ECF4CBB81EE9790E000A0F61 /* UserData.swift */; };
/* End PBXBuildFile section */

/* Begin PBXContainerItemProxy section */
		20E124DD223BA599004E6B60 /* PBXContainerItemProxy */ = {
			isa = PBXContainerItemProxy;
			containerPortal = ECE643DD1EDC4BB700E7E58D /* Project object */;
			proxyType = 1;
			remoteGlobalIDString = ECE643E41EDC4BB700E7E58D;
			remoteInfo = Happie;
		};
		20E124EB223BA5B0004E6B60 /* PBXContainerItemProxy */ = {
			isa = PBXContainerItemProxy;
			containerPortal = ECE643DD1EDC4BB700E7E58D /* Project object */;
			proxyType = 1;
			remoteGlobalIDString = ECE643E41EDC4BB700E7E58D;
			remoteInfo = Happie;
		};
/* End PBXContainerItemProxy section */

/* Begin PBXFileReference section */
		20E124D8223BA599004E6B60 /* HappieTests.xctest */ = {isa = PBXFileReference; explicitFileType = wrapper.cfbundle; includeInIndex = 0; path = HappieTests.xctest; sourceTree = BUILT_PRODUCTS_DIR; };
		20E124DA223BA599004E6B60 /* HappieTests.swift */ = {isa = PBXFileReference; lastKnownFileType = sourcecode.swift; path = HappieTests.swift; sourceTree = "<group>"; };
		20E124DC223BA599004E6B60 /* Info.plist */ = {isa = PBXFileReference; lastKnownFileType = text.plist.xml; path = Info.plist; sourceTree = "<group>"; };
		20E124E6223BA5B0004E6B60 /* HappieUITests.xctest */ = {isa = PBXFileReference; explicitFileType = wrapper.cfbundle; includeInIndex = 0; path = HappieUITests.xctest; sourceTree = BUILT_PRODUCTS_DIR; };
		20E124E8223BA5B0004E6B60 /* HappieUITests.swift */ = {isa = PBXFileReference; lastKnownFileType = sourcecode.swift; path = HappieUITests.swift; sourceTree = "<group>"; };
		20E124EA223BA5B0004E6B60 /* Info.plist */ = {isa = PBXFileReference; lastKnownFileType = text.plist.xml; path = Info.plist; sourceTree = "<group>"; };
		EC1FEB5A1EE6D16C000E6485 /* NoMonitor.swift */ = {isa = PBXFileReference; fileEncoding = 4; lastKnownFileType = sourcecode.swift; path = NoMonitor.swift; sourceTree = "<group>"; };
		EC7E67191EE5815C00643E43 /* GameData.swift */ = {isa = PBXFileReference; fileEncoding = 4; lastKnownFileType = sourcecode.swift; path = GameData.swift; sourceTree = "<group>"; };
		ECA7ECAF1EE6AD58007C05C4 /* oneButtonViewController.swift */ = {isa = PBXFileReference; fileEncoding = 4; lastKnownFileType = sourcecode.swift; path = oneButtonViewController.swift; sourceTree = "<group>"; };
		ECA7ECB31EE6ADE1007C05C4 /* TableViewController.swift */ = {isa = PBXFileReference; fileEncoding = 4; lastKnownFileType = sourcecode.swift; path = TableViewController.swift; sourceTree = "<group>"; };
		ECA7ECB71EE6AE2F007C05C4 /* MulipleAnswersViewController.swift */ = {isa = PBXFileReference; fileEncoding = 4; lastKnownFileType = sourcecode.swift; path = MulipleAnswersViewController.swift; sourceTree = "<group>"; };
		ECA7ECB91EE6BB34007C05C4 /* QuizLists.plist */ = {isa = PBXFileReference; fileEncoding = 4; lastKnownFileType = text.plist.xml; path = QuizLists.plist; sourceTree = "<group>"; };
		ECA7ECBB1EE6BB48007C05C4 /* PropertyReader.swift */ = {isa = PBXFileReference; fileEncoding = 4; lastKnownFileType = sourcecode.swift; path = PropertyReader.swift; sourceTree = "<group>"; };
		ECA7ECBF1EE6BBEB007C05C4 /* drawingViewController.swift */ = {isa = PBXFileReference; fileEncoding = 4; lastKnownFileType = sourcecode.swift; path = drawingViewController.swift; sourceTree = "<group>"; };
		ECA7ECC11EE6C9DB007C05C4 /* WhatDoIDreamViewController.swift */ = {isa = PBXFileReference; fileEncoding = 4; lastKnownFileType = sourcecode.swift; path = WhatDoIDreamViewController.swift; sourceTree = "<group>"; };
		ECA7ECC71EE6CD6B007C05C4 /* QuizViewController.swift */ = {isa = PBXFileReference; fileEncoding = 4; lastKnownFileType = sourcecode.swift; path = QuizViewController.swift; sourceTree = "<group>"; };
		ECC77CCE1EEE99C100DB5450 /* Question.swift */ = {isa = PBXFileReference; fileEncoding = 4; lastKnownFileType = sourcecode.swift; path = Question.swift; sourceTree = "<group>"; };
		ECE539631EF1C27F004C383B /* music.mp3 */ = {isa = PBXFileReference; lastKnownFileType = audio.mp3; path = music.mp3; sourceTree = "<group>"; };
		ECE643E51EDC4BB700E7E58D /* Happie.app */ = {isa = PBXFileReference; explicitFileType = wrapper.application; includeInIndex = 0; path = Happie.app; sourceTree = BUILT_PRODUCTS_DIR; };
		ECE643E81EDC4BB700E7E58D /* AppDelegate.swift */ = {isa = PBXFileReference; lastKnownFileType = sourcecode.swift; path = AppDelegate.swift; sourceTree = "<group>"; };
		ECE643EA1EDC4BB700E7E58D /* ViewController.swift */ = {isa = PBXFileReference; lastKnownFileType = sourcecode.swift; path = ViewController.swift; sourceTree = "<group>"; };
		ECE643ED1EDC4BB700E7E58D /* Base */ = {isa = PBXFileReference; lastKnownFileType = file.storyboard; name = Base; path = Base.lproj/Main.storyboard; sourceTree = "<group>"; };
		ECE643EF1EDC4BB700E7E58D /* Assets.xcassets */ = {isa = PBXFileReference; lastKnownFileType = folder.assetcatalog; path = Assets.xcassets; sourceTree = "<group>"; };
		ECE643F21EDC4BB700E7E58D /* Base */ = {isa = PBXFileReference; lastKnownFileType = file.storyboard; name = Base; path = Base.lproj/LaunchScreen.storyboard; sourceTree = "<group>"; };
		ECE643F41EDC4BB700E7E58D /* Info.plist */ = {isa = PBXFileReference; lastKnownFileType = text.plist.xml; path = Info.plist; sourceTree = "<group>"; };
		ECE643FA1EDC51BB00E7E58D /* FirstLaunchViewController.swift */ = {isa = PBXFileReference; fileEncoding = 4; lastKnownFileType = sourcecode.swift; path = FirstLaunchViewController.swift; sourceTree = "<group>"; };
		ECE644001EDC86ED00E7E58D /* CategoriesViewController.swift */ = {isa = PBXFileReference; fileEncoding = 4; lastKnownFileType = sourcecode.swift; path = CategoriesViewController.swift; sourceTree = "<group>"; };
		ECE644021EDC872F00E7E58D /* EditingViewController.swift */ = {isa = PBXFileReference; fileEncoding = 4; lastKnownFileType = sourcecode.swift; path = EditingViewController.swift; sourceTree = "<group>"; };
		ECE644041EDC884700E7E58D /* GameSelectingViewController.swift */ = {isa = PBXFileReference; fileEncoding = 4; lastKnownFileType = sourcecode.swift; path = GameSelectingViewController.swift; sourceTree = "<group>"; };
		ECF4CBB81EE9790E000A0F61 /* UserData.swift */ = {isa = PBXFileReference; fileEncoding = 4; lastKnownFileType = sourcecode.swift; path = UserData.swift; sourceTree = "<group>"; };
/* End PBXFileReference section */

/* Begin PBXFrameworksBuildPhase section */
		20E124D5223BA599004E6B60 /* Frameworks */ = {
			isa = PBXFrameworksBuildPhase;
			buildActionMask = 2147483647;
			files = (
			);
			runOnlyForDeploymentPostprocessing = 0;
		};
		20E124E3223BA5B0004E6B60 /* Frameworks */ = {
			isa = PBXFrameworksBuildPhase;
			buildActionMask = 2147483647;
			files = (
			);
			runOnlyForDeploymentPostprocessing = 0;
		};
		ECE643E21EDC4BB700E7E58D /* Frameworks */ = {
			isa = PBXFrameworksBuildPhase;
			buildActionMask = 2147483647;
			files = (
			);
			runOnlyForDeploymentPostprocessing = 0;
		};
/* End PBXFrameworksBuildPhase section */

/* Begin PBXGroup section */
		20E124D9223BA599004E6B60 /* HappieTests */ = {
			isa = PBXGroup;
			children = (
				20E124DA223BA599004E6B60 /* HappieTests.swift */,
				20E124DC223BA599004E6B60 /* Info.plist */,
			);
			path = HappieTests;
			sourceTree = "<group>";
		};
		20E124E7223BA5B0004E6B60 /* HappieUITests */ = {
			isa = PBXGroup;
			children = (
				20E124E8223BA5B0004E6B60 /* HappieUITests.swift */,
				20E124EA223BA5B0004E6B60 /* Info.plist */,
			);
			path = HappieUITests;
			sourceTree = "<group>";
		};
		ECA7ECAE1EE6AD1A007C05C4 /* gameControllers */ = {
			isa = PBXGroup;
			children = (
				ECA7ECAF1EE6AD58007C05C4 /* oneButtonViewController.swift */,
				ECA7ECBF1EE6BBEB007C05C4 /* drawingViewController.swift */,
				ECA7ECB31EE6ADE1007C05C4 /* TableViewController.swift */,
				ECA7ECC71EE6CD6B007C05C4 /* QuizViewController.swift */,
				ECA7ECB71EE6AE2F007C05C4 /* MulipleAnswersViewController.swift */,
				ECA7ECC11EE6C9DB007C05C4 /* WhatDoIDreamViewController.swift */,
			);
			name = gameControllers;
			sourceTree = "<group>";
		};
		ECE643DC1EDC4BB700E7E58D = {
			isa = PBXGroup;
			children = (
				ECE643E71EDC4BB700E7E58D /* Happie */,
				20E124D9223BA599004E6B60 /* HappieTests */,
				20E124E7223BA5B0004E6B60 /* HappieUITests */,
				ECE643E61EDC4BB700E7E58D /* Products */,
			);
			sourceTree = "<group>";
		};
		ECE643E61EDC4BB700E7E58D /* Products */ = {
			isa = PBXGroup;
			children = (
				ECE643E51EDC4BB700E7E58D /* Happie.app */,
				20E124D8223BA599004E6B60 /* HappieTests.xctest */,
				20E124E6223BA5B0004E6B60 /* HappieUITests.xctest */,
			);
			name = Products;
			sourceTree = "<group>";
		};
		ECE643E71EDC4BB700E7E58D /* Happie */ = {
			isa = PBXGroup;
			children = (
				ECE643FF1EDC86A700E7E58D /* SupportingFiles */,
				ECE643FE1EDC868F00E7E58D /* Storyboards */,
				ECE643FC1EDC866A00E7E58D /* UI */,
				ECE643FD1EDC867300E7E58D /* Model */,
			);
			path = Happie;
			sourceTree = "<group>";
		};
		ECE643FC1EDC866A00E7E58D /* UI */ = {
			isa = PBXGroup;
			children = (
				ECE643EA1EDC4BB700E7E58D /* ViewController.swift */,
				ECE643FA1EDC51BB00E7E58D /* FirstLaunchViewController.swift */,
				ECE644021EDC872F00E7E58D /* EditingViewController.swift */,
				ECE644001EDC86ED00E7E58D /* CategoriesViewController.swift */,
				ECE644041EDC884700E7E58D /* GameSelectingViewController.swift */,
				ECA7ECAE1EE6AD1A007C05C4 /* gameControllers */,
			);
			name = UI;
			sourceTree = "<group>";
		};
		ECE643FD1EDC867300E7E58D /* Model */ = {
			isa = PBXGroup;
			children = (
				EC7E67191EE5815C00643E43 /* GameData.swift */,
				ECF4CBB81EE9790E000A0F61 /* UserData.swift */,
				ECC77CCE1EEE99C100DB5450 /* Question.swift */,
				ECA7ECBB1EE6BB48007C05C4 /* PropertyReader.swift */,
				EC1FEB5A1EE6D16C000E6485 /* NoMonitor.swift */,
			);
			name = Model;
			sourceTree = "<group>";
		};
		ECE643FE1EDC868F00E7E58D /* Storyboards */ = {
			isa = PBXGroup;
			children = (
				ECE643EC1EDC4BB700E7E58D /* Main.storyboard */,
				ECE643F11EDC4BB700E7E58D /* LaunchScreen.storyboard */,
			);
			name = Storyboards;
			sourceTree = "<group>";
		};
		ECE643FF1EDC86A700E7E58D /* SupportingFiles */ = {
			isa = PBXGroup;
			children = (
				ECE643E81EDC4BB700E7E58D /* AppDelegate.swift */,
				ECE643EF1EDC4BB700E7E58D /* Assets.xcassets */,
				ECE643F41EDC4BB700E7E58D /* Info.plist */,
				ECA7ECB91EE6BB34007C05C4 /* QuizLists.plist */,
				ECE539631EF1C27F004C383B /* music.mp3 */,
			);
			name = SupportingFiles;
			sourceTree = "<group>";
		};
/* End PBXGroup section */

/* Begin PBXNativeTarget section */
		20E124D7223BA599004E6B60 /* HappieTests */ = {
			isa = PBXNativeTarget;
			buildConfigurationList = 20E124DF223BA599004E6B60 /* Build configuration list for PBXNativeTarget "HappieTests" */;
			buildPhases = (
				20E124D4223BA599004E6B60 /* Sources */,
				20E124D5223BA599004E6B60 /* Frameworks */,
				20E124D6223BA599004E6B60 /* Resources */,
			);
			buildRules = (
			);
			dependencies = (
				20E124DE223BA599004E6B60 /* PBXTargetDependency */,
			);
			name = HappieTests;
			productName = HappieTests;
			productReference = 20E124D8223BA599004E6B60 /* HappieTests.xctest */;
			productType = "com.apple.product-type.bundle.unit-test";
		};
		20E124E5223BA5B0004E6B60 /* HappieUITests */ = {
			isa = PBXNativeTarget;
			buildConfigurationList = 20E124ED223BA5B0004E6B60 /* Build configuration list for PBXNativeTarget "HappieUITests" */;
			buildPhases = (
				20E124E2223BA5B0004E6B60 /* Sources */,
				20E124E3223BA5B0004E6B60 /* Frameworks */,
				20E124E4223BA5B0004E6B60 /* Resources */,
			);
			buildRules = (
			);
			dependencies = (
				20E124EC223BA5B0004E6B60 /* PBXTargetDependency */,
			);
			name = HappieUITests;
			productName = HappieUITests;
			productReference = 20E124E6223BA5B0004E6B60 /* HappieUITests.xctest */;
			productType = "com.apple.product-type.bundle.ui-testing";
		};
		ECE643E41EDC4BB700E7E58D /* Happie */ = {
			isa = PBXNativeTarget;
			buildConfigurationList = ECE643F71EDC4BB700E7E58D /* Build configuration list for PBXNativeTarget "Happie" */;
			buildPhases = (
				ECE643E11EDC4BB700E7E58D /* Sources */,
				ECE643E21EDC4BB700E7E58D /* Frameworks */,
				ECE643E31EDC4BB700E7E58D /* Resources */,
			);
			buildRules = (
			);
			dependencies = (
			);
			name = Happie;
			productName = Happie;
			productReference = ECE643E51EDC4BB700E7E58D /* Happie.app */;
			productType = "com.apple.product-type.application";
		};
/* End PBXNativeTarget section */

/* Begin PBXProject section */
		ECE643DD1EDC4BB700E7E58D /* Project object */ = {
			isa = PBXProject;
			attributes = {
				LastSwiftUpdateCheck = 1010;
				LastUpgradeCheck = 0830;
				ORGANIZATIONNAME = femkeo;
				TargetAttributes = {
					20E124D7223BA599004E6B60 = {
						CreatedOnToolsVersion = 10.1;
						DevelopmentTeam = UST6SU92LY;
						ProvisioningStyle = Automatic;
						TestTargetID = ECE643E41EDC4BB700E7E58D;
					};
					20E124E5223BA5B0004E6B60 = {
						CreatedOnToolsVersion = 10.1;
						DevelopmentTeam = UST6SU92LY;
						ProvisioningStyle = Automatic;
						TestTargetID = ECE643E41EDC4BB700E7E58D;
					};
					ECE643E41EDC4BB700E7E58D = {
						CreatedOnToolsVersion = 8.3.2;
						DevelopmentTeam = UST6SU92LY;
						ProvisioningStyle = Automatic;
					};
				};
			};
			buildConfigurationList = ECE643E01EDC4BB700E7E58D /* Build configuration list for PBXProject "Happie" */;
			compatibilityVersion = "Xcode 3.2";
			developmentRegion = English;
			hasScannedForEncodings = 0;
			knownRegions = (
				en,
				Base,
			);
			mainGroup = ECE643DC1EDC4BB700E7E58D;
			productRefGroup = ECE643E61EDC4BB700E7E58D /* Products */;
			projectDirPath = "";
			projectRoot = "";
			targets = (
				ECE643E41EDC4BB700E7E58D /* Happie */,
				20E124D7223BA599004E6B60 /* HappieTests */,
				20E124E5223BA5B0004E6B60 /* HappieUITests */,
			);
		};
/* End PBXProject section */

/* Begin PBXResourcesBuildPhase section */
		20E124D6223BA599004E6B60 /* Resources */ = {
			isa = PBXResourcesBuildPhase;
			buildActionMask = 2147483647;
			files = (
			);
			runOnlyForDeploymentPostprocessing = 0;
		};
		20E124E4223BA5B0004E6B60 /* Resources */ = {
			isa = PBXResourcesBuildPhase;
			buildActionMask = 2147483647;
			files = (
			);
			runOnlyForDeploymentPostprocessing = 0;
		};
		ECE643E31EDC4BB700E7E58D /* Resources */ = {
			isa = PBXResourcesBuildPhase;
			buildActionMask = 2147483647;
			files = (
				ECE539641EF1C27F004C383B /* music.mp3 in Resources */,
				ECE643F31EDC4BB700E7E58D /* LaunchScreen.storyboard in Resources */,
				ECA7ECBA1EE6BB34007C05C4 /* QuizLists.plist in Resources */,
				ECE643F01EDC4BB700E7E58D /* Assets.xcassets in Resources */,
				ECE643EE1EDC4BB700E7E58D /* Main.storyboard in Resources */,
			);
			runOnlyForDeploymentPostprocessing = 0;
		};
/* End PBXResourcesBuildPhase section */

/* Begin PBXSourcesBuildPhase section */
		20E124D4223BA599004E6B60 /* Sources */ = {
			isa = PBXSourcesBuildPhase;
			buildActionMask = 2147483647;
			files = (
				20227F772240ED24004414C1 /* Question.swift in Sources */,
				20227F682240E7B1004414C1 /* MulipleAnswersViewController.swift in Sources */,
				20227F5A2240E7AE004414C1 /* ViewController.swift in Sources */,
				20227F762240ED24004414C1 /* UserData.swift in Sources */,
				20227F672240E7B1004414C1 /* QuizViewController.swift in Sources */,
				20227F652240E7B1004414C1 /* drawingViewController.swift in Sources */,
				20227F792240ED24004414C1 /* NoMonitor.swift in Sources */,
				20227F752240ED24004414C1 /* GameData.swift in Sources */,
				20227F782240ED24004414C1 /* PropertyReader.swift in Sources */,
				20227F5C2240E7AE004414C1 /* EditingViewController.swift in Sources */,
				20227F5B2240E7AE004414C1 /* FirstLaunchViewController.swift in Sources */,
				20227F5E2240E7AE004414C1 /* GameSelectingViewController.swift in Sources */,
				20227F642240E7B1004414C1 /* oneButtonViewController.swift in Sources */,
				20E124DB223BA599004E6B60 /* HappieTests.swift in Sources */,
				20227F662240E7B1004414C1 /* TableViewController.swift in Sources */,
				20227F692240E7B1004414C1 /* WhatDoIDreamViewController.swift in Sources */,
				20227F5D2240E7AE004414C1 /* CategoriesViewController.swift in Sources */,
			);
			runOnlyForDeploymentPostprocessing = 0;
		};
		20E124E2223BA5B0004E6B60 /* Sources */ = {
			isa = PBXSourcesBuildPhase;
			buildActionMask = 2147483647;
			files = (
				20227F722240ED24004414C1 /* Question.swift in Sources */,
				20227F6E2240E7B1004414C1 /* MulipleAnswersViewController.swift in Sources */,
				20227F5F2240E7AE004414C1 /* ViewController.swift in Sources */,
				20227F712240ED24004414C1 /* UserData.swift in Sources */,
				20227F6D2240E7B1004414C1 /* QuizViewController.swift in Sources */,
				20227F6B2240E7B1004414C1 /* drawingViewController.swift in Sources */,
				20227F742240ED24004414C1 /* NoMonitor.swift in Sources */,
				20227F702240ED24004414C1 /* GameData.swift in Sources */,
				20227F732240ED24004414C1 /* PropertyReader.swift in Sources */,
				20227F612240E7AE004414C1 /* EditingViewController.swift in Sources */,
				20227F602240E7AE004414C1 /* FirstLaunchViewController.swift in Sources */,
				20227F632240E7AE004414C1 /* GameSelectingViewController.swift in Sources */,
				20227F6A2240E7B1004414C1 /* oneButtonViewController.swift in Sources */,
				20E124E9223BA5B0004E6B60 /* HappieUITests.swift in Sources */,
				20227F6C2240E7B1004414C1 /* TableViewController.swift in Sources */,
				20227F6F2240E7B1004414C1 /* WhatDoIDreamViewController.swift in Sources */,
				20227F622240E7AE004414C1 /* CategoriesViewController.swift in Sources */,
			);
			runOnlyForDeploymentPostprocessing = 0;
		};
		ECE643E11EDC4BB700E7E58D /* Sources */ = {
			isa = PBXSourcesBuildPhase;
			buildActionMask = 2147483647;
			files = (
				ECE643EB1EDC4BB700E7E58D /* ViewController.swift in Sources */,
				ECE643FB1EDC51BB00E7E58D /* FirstLaunchViewController.swift in Sources */,
				ECE644011EDC86ED00E7E58D /* CategoriesViewController.swift in Sources */,
				ECC77CCF1EEE99C100DB5450 /* Question.swift in Sources */,
				ECA7ECC01EE6BBEB007C05C4 /* drawingViewController.swift in Sources */,
				ECA7ECB81EE6AE2F007C05C4 /* MulipleAnswersViewController.swift in Sources */,
				ECA7ECB41EE6ADE1007C05C4 /* TableViewController.swift in Sources */,
				ECE644051EDC884700E7E58D /* GameSelectingViewController.swift in Sources */,
				EC7E671A1EE5815D00643E43 /* GameData.swift in Sources */,
				ECA7ECB01EE6AD58007C05C4 /* oneButtonViewController.swift in Sources */,
				ECA7ECC81EE6CD6B007C05C4 /* QuizViewController.swift in Sources */,
				ECF4CBB91EE9790E000A0F61 /* UserData.swift in Sources */,
				ECE644031EDC872F00E7E58D /* EditingViewController.swift in Sources */,
				ECE643E91EDC4BB700E7E58D /* AppDelegate.swift in Sources */,
				ECA7ECC21EE6C9DB007C05C4 /* WhatDoIDreamViewController.swift in Sources */,
				EC1FEB5B1EE6D16C000E6485 /* NoMonitor.swift in Sources */,
				ECA7ECBC1EE6BB48007C05C4 /* PropertyReader.swift in Sources */,
			);
			runOnlyForDeploymentPostprocessing = 0;
		};
/* End PBXSourcesBuildPhase section */

/* Begin PBXTargetDependency section */
		20E124DE223BA599004E6B60 /* PBXTargetDependency */ = {
			isa = PBXTargetDependency;
			target = ECE643E41EDC4BB700E7E58D /* Happie */;
			targetProxy = 20E124DD223BA599004E6B60 /* PBXContainerItemProxy */;
		};
		20E124EC223BA5B0004E6B60 /* PBXTargetDependency */ = {
			isa = PBXTargetDependency;
			target = ECE643E41EDC4BB700E7E58D /* Happie */;
			targetProxy = 20E124EB223BA5B0004E6B60 /* PBXContainerItemProxy */;
		};
/* End PBXTargetDependency section */

/* Begin PBXVariantGroup section */
		ECE643EC1EDC4BB700E7E58D /* Main.storyboard */ = {
			isa = PBXVariantGroup;
			children = (
				ECE643ED1EDC4BB700E7E58D /* Base */,
			);
			name = Main.storyboard;
			sourceTree = "<group>";
		};
		ECE643F11EDC4BB700E7E58D /* LaunchScreen.storyboard */ = {
			isa = PBXVariantGroup;
			children = (
				ECE643F21EDC4BB700E7E58D /* Base */,
			);
			name = LaunchScreen.storyboard;
			sourceTree = "<group>";
		};
/* End PBXVariantGroup section */

/* Begin XCBuildConfiguration section */
		20E124E0223BA599004E6B60 /* Debug */ = {
			isa = XCBuildConfiguration;
			buildSettings = {
				BUNDLE_LOADER = "$(TEST_HOST)";
				CLANG_CXX_LANGUAGE_STANDARD = "gnu++14";
				CLANG_ENABLE_OBJC_WEAK = YES;
				CLANG_WARN_BLOCK_CAPTURE_AUTORELEASING = YES;
				CLANG_WARN_COMMA = YES;
				CLANG_WARN_DEPRECATED_OBJC_IMPLEMENTATIONS = YES;
				CLANG_WARN_NON_LITERAL_NULL_CONVERSION = YES;
				CLANG_WARN_OBJC_IMPLICIT_RETAIN_SELF = YES;
				CLANG_WARN_OBJC_LITERAL_CONVERSION = YES;
				CLANG_WARN_RANGE_LOOP_ANALYSIS = YES;
				CLANG_WARN_STRICT_PROTOTYPES = YES;
				CLANG_WARN_UNGUARDED_AVAILABILITY = YES_AGGRESSIVE;
				CODE_SIGN_IDENTITY = "iPhone Developer";
				CODE_SIGN_STYLE = Automatic;
				DEVELOPMENT_TEAM = UST6SU92LY;
				GCC_C_LANGUAGE_STANDARD = gnu11;
				INFOPLIST_FILE = HappieTests/Info.plist;
				IPHONEOS_DEPLOYMENT_TARGET = 12.1;
				LD_RUNPATH_SEARCH_PATHS = "$(inherited) @executable_path/Frameworks @loader_path/Frameworks";
				MTL_ENABLE_DEBUG_INFO = INCLUDE_SOURCE;
				MTL_FAST_MATH = YES;
				PRODUCT_BUNDLE_IDENTIFIER = com.femkeo.HappieTests;
				PRODUCT_NAME = "$(TARGET_NAME)";
				SWIFT_VERSION = 4.2;
				TARGETED_DEVICE_FAMILY = "1,2";
				TEST_HOST = "$(BUILT_PRODUCTS_DIR)/Happie.app/Happie";
			};
			name = Debug;
		};
		20E124E1223BA599004E6B60 /* Release */ = {
			isa = XCBuildConfiguration;
			buildSettings = {
				BUNDLE_LOADER = "$(TEST_HOST)";
				CLANG_CXX_LANGUAGE_STANDARD = "gnu++14";
				CLANG_ENABLE_OBJC_WEAK = YES;
				CLANG_WARN_BLOCK_CAPTURE_AUTORELEASING = YES;
				CLANG_WARN_COMMA = YES;
				CLANG_WARN_DEPRECATED_OBJC_IMPLEMENTATIONS = YES;
				CLANG_WARN_NON_LITERAL_NULL_CONVERSION = YES;
				CLANG_WARN_OBJC_IMPLICIT_RETAIN_SELF = YES;
				CLANG_WARN_OBJC_LITERAL_CONVERSION = YES;
				CLANG_WARN_RANGE_LOOP_ANALYSIS = YES;
				CLANG_WARN_STRICT_PROTOTYPES = YES;
				CLANG_WARN_UNGUARDED_AVAILABILITY = YES_AGGRESSIVE;
				CODE_SIGN_IDENTITY = "iPhone Developer";
				CODE_SIGN_STYLE = Automatic;
				DEVELOPMENT_TEAM = UST6SU92LY;
				GCC_C_LANGUAGE_STANDARD = gnu11;
				INFOPLIST_FILE = HappieTests/Info.plist;
				IPHONEOS_DEPLOYMENT_TARGET = 12.1;
				LD_RUNPATH_SEARCH_PATHS = "$(inherited) @executable_path/Frameworks @loader_path/Frameworks";
				MTL_FAST_MATH = YES;
				PRODUCT_BUNDLE_IDENTIFIER = com.femkeo.HappieTests;
				PRODUCT_NAME = "$(TARGET_NAME)";
				SWIFT_VERSION = 4.2;
				TARGETED_DEVICE_FAMILY = "1,2";
				TEST_HOST = "$(BUILT_PRODUCTS_DIR)/Happie.app/Happie";
			};
			name = Release;
		};
		20E124EE223BA5B0004E6B60 /* Debug */ = {
			isa = XCBuildConfiguration;
			buildSettings = {
				CLANG_CXX_LANGUAGE_STANDARD = "gnu++14";
				CLANG_ENABLE_OBJC_WEAK = YES;
				CLANG_WARN_BLOCK_CAPTURE_AUTORELEASING = YES;
				CLANG_WARN_COMMA = YES;
				CLANG_WARN_DEPRECATED_OBJC_IMPLEMENTATIONS = YES;
				CLANG_WARN_NON_LITERAL_NULL_CONVERSION = YES;
				CLANG_WARN_OBJC_IMPLICIT_RETAIN_SELF = YES;
				CLANG_WARN_OBJC_LITERAL_CONVERSION = YES;
				CLANG_WARN_RANGE_LOOP_ANALYSIS = YES;
				CLANG_WARN_STRICT_PROTOTYPES = YES;
				CLANG_WARN_UNGUARDED_AVAILABILITY = YES_AGGRESSIVE;
				CODE_SIGN_IDENTITY = "iPhone Developer";
				CODE_SIGN_STYLE = Automatic;
				DEVELOPMENT_TEAM = UST6SU92LY;
				GCC_C_LANGUAGE_STANDARD = gnu11;
				INFOPLIST_FILE = HappieUITests/Info.plist;
				IPHONEOS_DEPLOYMENT_TARGET = 12.1;
				LD_RUNPATH_SEARCH_PATHS = "$(inherited) @executable_path/Frameworks @loader_path/Frameworks";
				MTL_ENABLE_DEBUG_INFO = INCLUDE_SOURCE;
				MTL_FAST_MATH = YES;
				PRODUCT_BUNDLE_IDENTIFIER = com.femkeo.HappieUITests;
				PRODUCT_NAME = "$(TARGET_NAME)";
				SWIFT_VERSION = 4.2;
				TARGETED_DEVICE_FAMILY = "1,2";
				TEST_TARGET_NAME = Happie;
			};
			name = Debug;
		};
		20E124EF223BA5B0004E6B60 /* Release */ = {
			isa = XCBuildConfiguration;
			buildSettings = {
				CLANG_CXX_LANGUAGE_STANDARD = "gnu++14";
				CLANG_ENABLE_OBJC_WEAK = YES;
				CLANG_WARN_BLOCK_CAPTURE_AUTORELEASING = YES;
				CLANG_WARN_COMMA = YES;
				CLANG_WARN_DEPRECATED_OBJC_IMPLEMENTATIONS = YES;
				CLANG_WARN_NON_LITERAL_NULL_CONVERSION = YES;
				CLANG_WARN_OBJC_IMPLICIT_RETAIN_SELF = YES;
				CLANG_WARN_OBJC_LITERAL_CONVERSION = YES;
				CLANG_WARN_RANGE_LOOP_ANALYSIS = YES;
				CLANG_WARN_STRICT_PROTOTYPES = YES;
				CLANG_WARN_UNGUARDED_AVAILABILITY = YES_AGGRESSIVE;
				CODE_SIGN_IDENTITY = "iPhone Developer";
				CODE_SIGN_STYLE = Automatic;
				DEVELOPMENT_TEAM = UST6SU92LY;
				GCC_C_LANGUAGE_STANDARD = gnu11;
				INFOPLIST_FILE = HappieUITests/Info.plist;
				IPHONEOS_DEPLOYMENT_TARGET = 12.1;
				LD_RUNPATH_SEARCH_PATHS = "$(inherited) @executable_path/Frameworks @loader_path/Frameworks";
				MTL_FAST_MATH = YES;
				PRODUCT_BUNDLE_IDENTIFIER = com.femkeo.HappieUITests;
				PRODUCT_NAME = "$(TARGET_NAME)";
				SWIFT_VERSION = 4.2;
				TARGETED_DEVICE_FAMILY = "1,2";
				TEST_TARGET_NAME = Happie;
			};
			name = Release;
		};
		ECE643F51EDC4BB700E7E58D /* Debug */ = {
			isa = XCBuildConfiguration;
			buildSettings = {
				ALWAYS_SEARCH_USER_PATHS = NO;
				CLANG_ANALYZER_NONNULL = YES;
				CLANG_ANALYZER_NUMBER_OBJECT_CONVERSION = YES_AGGRESSIVE;
				CLANG_CXX_LANGUAGE_STANDARD = "gnu++0x";
				CLANG_CXX_LIBRARY = "libc++";
				CLANG_ENABLE_MODULES = YES;
				CLANG_ENABLE_OBJC_ARC = YES;
				CLANG_WARN_BOOL_CONVERSION = YES;
				CLANG_WARN_CONSTANT_CONVERSION = YES;
				CLANG_WARN_DIRECT_OBJC_ISA_USAGE = YES_ERROR;
				CLANG_WARN_DOCUMENTATION_COMMENTS = YES;
				CLANG_WARN_EMPTY_BODY = YES;
				CLANG_WARN_ENUM_CONVERSION = YES;
				CLANG_WARN_INFINITE_RECURSION = YES;
				CLANG_WARN_INT_CONVERSION = YES;
				CLANG_WARN_OBJC_ROOT_CLASS = YES_ERROR;
				CLANG_WARN_SUSPICIOUS_MOVE = YES;
				CLANG_WARN_UNREACHABLE_CODE = YES;
				CLANG_WARN__DUPLICATE_METHOD_MATCH = YES;
				"CODE_SIGN_IDENTITY[sdk=iphoneos*]" = "iPhone Developer";
				COPY_PHASE_STRIP = NO;
				DEBUG_INFORMATION_FORMAT = dwarf;
				ENABLE_STRICT_OBJC_MSGSEND = YES;
				ENABLE_TESTABILITY = YES;
				GCC_C_LANGUAGE_STANDARD = gnu99;
				GCC_DYNAMIC_NO_PIC = NO;
				GCC_NO_COMMON_BLOCKS = YES;
				GCC_OPTIMIZATION_LEVEL = 0;
				GCC_PREPROCESSOR_DEFINITIONS = (
					"DEBUG=1",
					"$(inherited)",
				);
				GCC_WARN_64_TO_32_BIT_CONVERSION = YES;
				GCC_WARN_ABOUT_RETURN_TYPE = YES_ERROR;
				GCC_WARN_UNDECLARED_SELECTOR = YES;
				GCC_WARN_UNINITIALIZED_AUTOS = YES_AGGRESSIVE;
				GCC_WARN_UNUSED_FUNCTION = YES;
				GCC_WARN_UNUSED_VARIABLE = YES;
				IPHONEOS_DEPLOYMENT_TARGET = 10.3;
				MTL_ENABLE_DEBUG_INFO = YES;
				ONLY_ACTIVE_ARCH = YES;
				SDKROOT = iphoneos;
				SWIFT_ACTIVE_COMPILATION_CONDITIONS = DEBUG;
				SWIFT_OPTIMIZATION_LEVEL = "-Onone";
				TARGETED_DEVICE_FAMILY = "1,2";
			};
			name = Debug;
		};
		ECE643F61EDC4BB700E7E58D /* Release */ = {
			isa = XCBuildConfiguration;
			buildSettings = {
				ALWAYS_SEARCH_USER_PATHS = NO;
				CLANG_ANALYZER_NONNULL = YES;
				CLANG_ANALYZER_NUMBER_OBJECT_CONVERSION = YES_AGGRESSIVE;
				CLANG_CXX_LANGUAGE_STANDARD = "gnu++0x";
				CLANG_CXX_LIBRARY = "libc++";
				CLANG_ENABLE_MODULES = YES;
				CLANG_ENABLE_OBJC_ARC = YES;
				CLANG_WARN_BOOL_CONVERSION = YES;
				CLANG_WARN_CONSTANT_CONVERSION = YES;
				CLANG_WARN_DIRECT_OBJC_ISA_USAGE = YES_ERROR;
				CLANG_WARN_DOCUMENTATION_COMMENTS = YES;
				CLANG_WARN_EMPTY_BODY = YES;
				CLANG_WARN_ENUM_CONVERSION = YES;
				CLANG_WARN_INFINITE_RECURSION = YES;
				CLANG_WARN_INT_CONVERSION = YES;
				CLANG_WARN_OBJC_ROOT_CLASS = YES_ERROR;
				CLANG_WARN_SUSPICIOUS_MOVE = YES;
				CLANG_WARN_UNREACHABLE_CODE = YES;
				CLANG_WARN__DUPLICATE_METHOD_MATCH = YES;
				"CODE_SIGN_IDENTITY[sdk=iphoneos*]" = "iPhone Developer";
				COPY_PHASE_STRIP = NO;
				DEBUG_INFORMATION_FORMAT = "dwarf-with-dsym";
				ENABLE_NS_ASSERTIONS = NO;
				ENABLE_STRICT_OBJC_MSGSEND = YES;
				GCC_C_LANGUAGE_STANDARD = gnu99;
				GCC_NO_COMMON_BLOCKS = YES;
				GCC_WARN_64_TO_32_BIT_CONVERSION = YES;
				GCC_WARN_ABOUT_RETURN_TYPE = YES_ERROR;
				GCC_WARN_UNDECLARED_SELECTOR = YES;
				GCC_WARN_UNINITIALIZED_AUTOS = YES_AGGRESSIVE;
				GCC_WARN_UNUSED_FUNCTION = YES;
				GCC_WARN_UNUSED_VARIABLE = YES;
				IPHONEOS_DEPLOYMENT_TARGET = 10.3;
				MTL_ENABLE_DEBUG_INFO = NO;
				SDKROOT = iphoneos;
				SWIFT_OPTIMIZATION_LEVEL = "-Owholemodule";
				TARGETED_DEVICE_FAMILY = "1,2";
				VALIDATE_PRODUCT = YES;
			};
			name = Release;
		};
		ECE643F81EDC4BB700E7E58D /* Debug */ = {
			isa = XCBuildConfiguration;
			buildSettings = {
				ASSETCATALOG_COMPILER_APPICON_NAME = AppIcon;
				DEVELOPMENT_TEAM = UST6SU92LY;
				INFOPLIST_FILE = Happie/Info.plist;
				IPHONEOS_DEPLOYMENT_TARGET = 10.3;
				LD_RUNPATH_SEARCH_PATHS = "$(inherited) @executable_path/Frameworks";
				PRODUCT_BUNDLE_IDENTIFIER = com.femkeo.Happie;
				PRODUCT_NAME = "$(TARGET_NAME)";
				SWIFT_VERSION = 3.0;
			};
			name = Debug;
		};
		ECE643F91EDC4BB700E7E58D /* Release */ = {
			isa = XCBuildConfiguration;
			buildSettings = {
				ASSETCATALOG_COMPILER_APPICON_NAME = AppIcon;
				DEVELOPMENT_TEAM = UST6SU92LY;
				INFOPLIST_FILE = Happie/Info.plist;
				IPHONEOS_DEPLOYMENT_TARGET = 10.3;
				LD_RUNPATH_SEARCH_PATHS = "$(inherited) @executable_path/Frameworks";
				PRODUCT_BUNDLE_IDENTIFIER = com.femkeo.Happie;
				PRODUCT_NAME = "$(TARGET_NAME)";
				SWIFT_VERSION = 3.0;
			};
			name = Release;
		};
/* End XCBuildConfiguration section */

/* Begin XCConfigurationList section */
		20E124DF223BA599004E6B60 /* Build configuration list for PBXNativeTarget "HappieTests" */ = {
			isa = XCConfigurationList;
			buildConfigurations = (
				20E124E0223BA599004E6B60 /* Debug */,
				20E124E1223BA599004E6B60 /* Release */,
			);
			defaultConfigurationIsVisible = 0;
			defaultConfigurationName = Release;
		};
		20E124ED223BA5B0004E6B60 /* Build configuration list for PBXNativeTarget "HappieUITests" */ = {
			isa = XCConfigurationList;
			buildConfigurations = (
				20E124EE223BA5B0004E6B60 /* Debug */,
				20E124EF223BA5B0004E6B60 /* Release */,
			);
			defaultConfigurationIsVisible = 0;
			defaultConfigurationName = Release;
		};
		ECE643E01EDC4BB700E7E58D /* Build configuration list for PBXProject "Happie" */ = {
			isa = XCConfigurationList;
			buildConfigurations = (
				ECE643F51EDC4BB700E7E58D /* Debug */,
				ECE643F61EDC4BB700E7E58D /* Release */,
			);
			defaultConfigurationIsVisible = 0;
			defaultConfigurationName = Release;
		};
		ECE643F71EDC4BB700E7E58D /* Build configuration list for PBXNativeTarget "Happie" */ = {
			isa = XCConfigurationList;
			buildConfigurations = (
				ECE643F81EDC4BB700E7E58D /* Debug */,
				ECE643F91EDC4BB700E7E58D /* Release */,
			);
			defaultConfigurationIsVisible = 0;
			defaultConfigurationName = Release;
		};
/* End XCConfigurationList section */
	};
	rootObject = ECE643DD1EDC4BB700E7E58D /* Project object */;
}
